// !$*UTF8*$!
{
	archiveVersion = 1;
	classes = {
	};
	objectVersion = 56;
	objects = {

/* Begin PBXBuildFile section */
		7DF73AC9290C873A000479C1 /* GoogleService-Info.plist in Resources */ = {isa = PBXBuildFile; fileRef = 7DF73AC8290C8739000479C1 /* GoogleService-Info.plist */; };
		7DF73ACC290C8809000479C1 /* FirebaseAuth in Frameworks */ = {isa = PBXBuildFile; productRef = 7DF73ACB290C8809000479C1 /* FirebaseAuth */; };
		7DF73ACE290C928B000479C1 /* LoginViewController.swift in Sources */ = {isa = PBXBuildFile; fileRef = 7DF73ACD290C928B000479C1 /* LoginViewController.swift */; };
		97274C032909CEDB00FBE620 /* AppDelegate.swift in Sources */ = {isa = PBXBuildFile; fileRef = 97274C022909CEDB00FBE620 /* AppDelegate.swift */; };
		97274C052909CEDB00FBE620 /* SceneDelegate.swift in Sources */ = {isa = PBXBuildFile; fileRef = 97274C042909CEDB00FBE620 /* SceneDelegate.swift */; };
		97274C072909CEDB00FBE620 /* ViewController.swift in Sources */ = {isa = PBXBuildFile; fileRef = 97274C062909CEDB00FBE620 /* ViewController.swift */; };
		97274C0A2909CEDB00FBE620 /* Main.storyboard in Resources */ = {isa = PBXBuildFile; fileRef = 97274C082909CEDB00FBE620 /* Main.storyboard */; };
		97274C0D2909CEDB00FBE620 /* choreManagement.xcdatamodeld in Sources */ = {isa = PBXBuildFile; fileRef = 97274C0B2909CEDB00FBE620 /* choreManagement.xcdatamodeld */; };
		97274C0F2909CEDD00FBE620 /* Assets.xcassets in Resources */ = {isa = PBXBuildFile; fileRef = 97274C0E2909CEDD00FBE620 /* Assets.xcassets */; };
		97274C122909CEDD00FBE620 /* LaunchScreen.storyboard in Resources */ = {isa = PBXBuildFile; fileRef = 97274C102909CEDD00FBE620 /* LaunchScreen.storyboard */; };
		97274C1D2909CEDD00FBE620 /* choreManagementTests.swift in Sources */ = {isa = PBXBuildFile; fileRef = 97274C1C2909CEDD00FBE620 /* choreManagementTests.swift */; };
		97274C272909CEDD00FBE620 /* choreManagementUITests.swift in Sources */ = {isa = PBXBuildFile; fileRef = 97274C262909CEDD00FBE620 /* choreManagementUITests.swift */; };
		97274C292909CEDD00FBE620 /* choreManagementUITestsLaunchTests.swift in Sources */ = {isa = PBXBuildFile; fileRef = 97274C282909CEDD00FBE620 /* choreManagementUITestsLaunchTests.swift */; };
/* End PBXBuildFile section */

/* Begin PBXContainerItemProxy section */
		97274C192909CEDD00FBE620 /* PBXContainerItemProxy */ = {
			isa = PBXContainerItemProxy;
			containerPortal = 97274BF72909CEDB00FBE620 /* Project object */;
			proxyType = 1;
			remoteGlobalIDString = 97274BFE2909CEDB00FBE620;
			remoteInfo = choreManagement;
		};
		97274C232909CEDD00FBE620 /* PBXContainerItemProxy */ = {
			isa = PBXContainerItemProxy;
			containerPortal = 97274BF72909CEDB00FBE620 /* Project object */;
			proxyType = 1;
			remoteGlobalIDString = 97274BFE2909CEDB00FBE620;
			remoteInfo = choreManagement;
		};
/* End PBXContainerItemProxy section */

/* Begin PBXFileReference section */
		7DF73AC8290C8739000479C1 /* GoogleService-Info.plist */ = {isa = PBXFileReference; fileEncoding = 4; lastKnownFileType = text.plist.xml; path = "GoogleService-Info.plist"; sourceTree = "<group>"; };
		7DF73ACD290C928B000479C1 /* LoginViewController.swift */ = {isa = PBXFileReference; fileEncoding = 4; lastKnownFileType = sourcecode.swift; path = LoginViewController.swift; sourceTree = "<group>"; };
		97274BFF2909CEDB00FBE620 /* choreManagement.app */ = {isa = PBXFileReference; explicitFileType = wrapper.application; includeInIndex = 0; path = choreManagement.app; sourceTree = BUILT_PRODUCTS_DIR; };
		97274C022909CEDB00FBE620 /* AppDelegate.swift */ = {isa = PBXFileReference; lastKnownFileType = sourcecode.swift; path = AppDelegate.swift; sourceTree = "<group>"; };
		97274C042909CEDB00FBE620 /* SceneDelegate.swift */ = {isa = PBXFileReference; lastKnownFileType = sourcecode.swift; path = SceneDelegate.swift; sourceTree = "<group>"; };
		97274C062909CEDB00FBE620 /* ViewController.swift */ = {isa = PBXFileReference; lastKnownFileType = sourcecode.swift; path = ViewController.swift; sourceTree = "<group>"; };
		97274C092909CEDB00FBE620 /* Base */ = {isa = PBXFileReference; lastKnownFileType = file.storyboard; name = Base; path = Base.lproj/Main.storyboard; sourceTree = "<group>"; };
		97274C0C2909CEDB00FBE620 /* choreManagement.xcdatamodel */ = {isa = PBXFileReference; lastKnownFileType = wrapper.xcdatamodel; path = choreManagement.xcdatamodel; sourceTree = "<group>"; };
		97274C0E2909CEDD00FBE620 /* Assets.xcassets */ = {isa = PBXFileReference; lastKnownFileType = folder.assetcatalog; path = Assets.xcassets; sourceTree = "<group>"; };
		97274C112909CEDD00FBE620 /* Base */ = {isa = PBXFileReference; lastKnownFileType = file.storyboard; name = Base; path = Base.lproj/LaunchScreen.storyboard; sourceTree = "<group>"; };
		97274C132909CEDD00FBE620 /* Info.plist */ = {isa = PBXFileReference; lastKnownFileType = text.plist.xml; path = Info.plist; sourceTree = "<group>"; };
		97274C182909CEDD00FBE620 /* choreManagementTests.xctest */ = {isa = PBXFileReference; explicitFileType = wrapper.cfbundle; includeInIndex = 0; path = choreManagementTests.xctest; sourceTree = BUILT_PRODUCTS_DIR; };
		97274C1C2909CEDD00FBE620 /* choreManagementTests.swift */ = {isa = PBXFileReference; lastKnownFileType = sourcecode.swift; path = choreManagementTests.swift; sourceTree = "<group>"; };
		97274C222909CEDD00FBE620 /* choreManagementUITests.xctest */ = {isa = PBXFileReference; explicitFileType = wrapper.cfbundle; includeInIndex = 0; path = choreManagementUITests.xctest; sourceTree = BUILT_PRODUCTS_DIR; };
		97274C262909CEDD00FBE620 /* choreManagementUITests.swift */ = {isa = PBXFileReference; lastKnownFileType = sourcecode.swift; path = choreManagementUITests.swift; sourceTree = "<group>"; };
		97274C282909CEDD00FBE620 /* choreManagementUITestsLaunchTests.swift */ = {isa = PBXFileReference; lastKnownFileType = sourcecode.swift; path = choreManagementUITestsLaunchTests.swift; sourceTree = "<group>"; };
/* End PBXFileReference section */

/* Begin PBXFrameworksBuildPhase section */
		97274BFC2909CEDB00FBE620 /* Frameworks */ = {
			isa = PBXFrameworksBuildPhase;
			buildActionMask = 2147483647;
			files = (
				7DF73ACC290C8809000479C1 /* FirebaseAuth in Frameworks */,
			);
			runOnlyForDeploymentPostprocessing = 0;
		};
		97274C152909CEDD00FBE620 /* Frameworks */ = {
			isa = PBXFrameworksBuildPhase;
			buildActionMask = 2147483647;
			files = (
			);
			runOnlyForDeploymentPostprocessing = 0;
		};
		97274C1F2909CEDD00FBE620 /* Frameworks */ = {
			isa = PBXFrameworksBuildPhase;
			buildActionMask = 2147483647;
			files = (
			);
			runOnlyForDeploymentPostprocessing = 0;
		};
/* End PBXFrameworksBuildPhase section */

/* Begin PBXGroup section */
		97274BF62909CEDB00FBE620 = {
			isa = PBXGroup;
			children = (
				97274C012909CEDB00FBE620 /* choreManagement */,
				97274C1B2909CEDD00FBE620 /* choreManagementTests */,
				97274C252909CEDD00FBE620 /* choreManagementUITests */,
				97274C002909CEDB00FBE620 /* Products */,
			);
			sourceTree = "<group>";
		};
		97274C002909CEDB00FBE620 /* Products */ = {
			isa = PBXGroup;
			children = (
				97274BFF2909CEDB00FBE620 /* choreManagement.app */,
				97274C182909CEDD00FBE620 /* choreManagementTests.xctest */,
				97274C222909CEDD00FBE620 /* choreManagementUITests.xctest */,
			);
			name = Products;
			sourceTree = "<group>";
		};
		97274C012909CEDB00FBE620 /* choreManagement */ = {
			isa = PBXGroup;
			children = (
				97274C022909CEDB00FBE620 /* AppDelegate.swift */,
				97274C042909CEDB00FBE620 /* SceneDelegate.swift */,
				97274C062909CEDB00FBE620 /* ViewController.swift */,
				7DF73ACD290C928B000479C1 /* LoginViewController.swift */,
				97274C082909CEDB00FBE620 /* Main.storyboard */,
				97274C0E2909CEDD00FBE620 /* Assets.xcassets */,
				97274C102909CEDD00FBE620 /* LaunchScreen.storyboard */,
				7DF73AC8290C8739000479C1 /* GoogleService-Info.plist */,
				97274C132909CEDD00FBE620 /* Info.plist */,
				97274C0B2909CEDB00FBE620 /* choreManagement.xcdatamodeld */,
			);
			path = choreManagement;
			sourceTree = "<group>";
		};
		97274C1B2909CEDD00FBE620 /* choreManagementTests */ = {
			isa = PBXGroup;
			children = (
				97274C1C2909CEDD00FBE620 /* choreManagementTests.swift */,
			);
			path = choreManagementTests;
			sourceTree = "<group>";
		};
		97274C252909CEDD00FBE620 /* choreManagementUITests */ = {
			isa = PBXGroup;
			children = (
				97274C262909CEDD00FBE620 /* choreManagementUITests.swift */,
				97274C282909CEDD00FBE620 /* choreManagementUITestsLaunchTests.swift */,
			);
			path = choreManagementUITests;
			sourceTree = "<group>";
		};
/* End PBXGroup section */

/* Begin PBXNativeTarget section */
		97274BFE2909CEDB00FBE620 /* choreManagement */ = {
			isa = PBXNativeTarget;
			buildConfigurationList = 97274C2C2909CEDD00FBE620 /* Build configuration list for PBXNativeTarget "choreManagement" */;
			buildPhases = (
				97274BFB2909CEDB00FBE620 /* Sources */,
				97274BFC2909CEDB00FBE620 /* Frameworks */,
				97274BFD2909CEDB00FBE620 /* Resources */,
			);
			buildRules = (
			);
			dependencies = (
			);
			name = choreManagement;
			packageProductDependencies = (
				7DF73ACB290C8809000479C1 /* FirebaseAuth */,
			);
			productName = choreManagement;
			productReference = 97274BFF2909CEDB00FBE620 /* choreManagement.app */;
			productType = "com.apple.product-type.application";
		};
		97274C172909CEDD00FBE620 /* choreManagementTests */ = {
			isa = PBXNativeTarget;
			buildConfigurationList = 97274C2F2909CEDD00FBE620 /* Build configuration list for PBXNativeTarget "choreManagementTests" */;
			buildPhases = (
				97274C142909CEDD00FBE620 /* Sources */,
				97274C152909CEDD00FBE620 /* Frameworks */,
				97274C162909CEDD00FBE620 /* Resources */,
			);
			buildRules = (
			);
			dependencies = (
				97274C1A2909CEDD00FBE620 /* PBXTargetDependency */,
			);
			name = choreManagementTests;
			productName = choreManagementTests;
			productReference = 97274C182909CEDD00FBE620 /* choreManagementTests.xctest */;
			productType = "com.apple.product-type.bundle.unit-test";
		};
		97274C212909CEDD00FBE620 /* choreManagementUITests */ = {
			isa = PBXNativeTarget;
			buildConfigurationList = 97274C322909CEDD00FBE620 /* Build configuration list for PBXNativeTarget "choreManagementUITests" */;
			buildPhases = (
				97274C1E2909CEDD00FBE620 /* Sources */,
				97274C1F2909CEDD00FBE620 /* Frameworks */,
				97274C202909CEDD00FBE620 /* Resources */,
			);
			buildRules = (
			);
			dependencies = (
				97274C242909CEDD00FBE620 /* PBXTargetDependency */,
			);
			name = choreManagementUITests;
			productName = choreManagementUITests;
			productReference = 97274C222909CEDD00FBE620 /* choreManagementUITests.xctest */;
			productType = "com.apple.product-type.bundle.ui-testing";
		};
/* End PBXNativeTarget section */

/* Begin PBXProject section */
		97274BF72909CEDB00FBE620 /* Project object */ = {
			isa = PBXProject;
			attributes = {
				BuildIndependentTargetsInParallel = 1;
				LastSwiftUpdateCheck = 1400;
				LastUpgradeCheck = 1400;
				TargetAttributes = {
					97274BFE2909CEDB00FBE620 = {
						CreatedOnToolsVersion = 14.0;
					};
					97274C172909CEDD00FBE620 = {
						CreatedOnToolsVersion = 14.0;
						TestTargetID = 97274BFE2909CEDB00FBE620;
					};
					97274C212909CEDD00FBE620 = {
						CreatedOnToolsVersion = 14.0;
						TestTargetID = 97274BFE2909CEDB00FBE620;
					};
				};
			};
			buildConfigurationList = 97274BFA2909CEDB00FBE620 /* Build configuration list for PBXProject "choreManagement" */;
			compatibilityVersion = "Xcode 14.0";
			developmentRegion = en;
			hasScannedForEncodings = 0;
			knownRegions = (
				en,
				Base,
			);
			mainGroup = 97274BF62909CEDB00FBE620;
			packageReferences = (
				7DF73ACA290C8809000479C1 /* XCRemoteSwiftPackageReference "firebase-ios-sdk" */,
			);
			productRefGroup = 97274C002909CEDB00FBE620 /* Products */;
			projectDirPath = "";
			projectRoot = "";
			targets = (
				97274BFE2909CEDB00FBE620 /* choreManagement */,
				97274C172909CEDD00FBE620 /* choreManagementTests */,
				97274C212909CEDD00FBE620 /* choreManagementUITests */,
			);
		};
/* End PBXProject section */

/* Begin PBXResourcesBuildPhase section */
		97274BFD2909CEDB00FBE620 /* Resources */ = {
			isa = PBXResourcesBuildPhase;
			buildActionMask = 2147483647;
			files = (
				97274C122909CEDD00FBE620 /* LaunchScreen.storyboard in Resources */,
				7DF73AC9290C873A000479C1 /* GoogleService-Info.plist in Resources */,
				97274C0F2909CEDD00FBE620 /* Assets.xcassets in Resources */,
				97274C0A2909CEDB00FBE620 /* Main.storyboard in Resources */,
			);
			runOnlyForDeploymentPostprocessing = 0;
		};
		97274C162909CEDD00FBE620 /* Resources */ = {
			isa = PBXResourcesBuildPhase;
			buildActionMask = 2147483647;
			files = (
			);
			runOnlyForDeploymentPostprocessing = 0;
		};
		97274C202909CEDD00FBE620 /* Resources */ = {
			isa = PBXResourcesBuildPhase;
			buildActionMask = 2147483647;
			files = (
			);
			runOnlyForDeploymentPostprocessing = 0;
		};
/* End PBXResourcesBuildPhase section */

/* Begin PBXSourcesBuildPhase section */
		97274BFB2909CEDB00FBE620 /* Sources */ = {
			isa = PBXSourcesBuildPhase;
			buildActionMask = 2147483647;
			files = (
				97274C072909CEDB00FBE620 /* ViewController.swift in Sources */,
				97274C032909CEDB00FBE620 /* AppDelegate.swift in Sources */,
				97274C0D2909CEDB00FBE620 /* choreManagement.xcdatamodeld in Sources */,
				7DF73ACE290C928B000479C1 /* LoginViewController.swift in Sources */,
				97274C052909CEDB00FBE620 /* SceneDelegate.swift in Sources */,
			);
			runOnlyForDeploymentPostprocessing = 0;
		};
		97274C142909CEDD00FBE620 /* Sources */ = {
			isa = PBXSourcesBuildPhase;
			buildActionMask = 2147483647;
			files = (
				97274C1D2909CEDD00FBE620 /* choreManagementTests.swift in Sources */,
			);
			runOnlyForDeploymentPostprocessing = 0;
		};
		97274C1E2909CEDD00FBE620 /* Sources */ = {
			isa = PBXSourcesBuildPhase;
			buildActionMask = 2147483647;
			files = (
				97274C272909CEDD00FBE620 /* choreManagementUITests.swift in Sources */,
				97274C292909CEDD00FBE620 /* choreManagementUITestsLaunchTests.swift in Sources */,
			);
			runOnlyForDeploymentPostprocessing = 0;
		};
/* End PBXSourcesBuildPhase section */

/* Begin PBXTargetDependency section */
		97274C1A2909CEDD00FBE620 /* PBXTargetDependency */ = {
			isa = PBXTargetDependency;
			target = 97274BFE2909CEDB00FBE620 /* choreManagement */;
			targetProxy = 97274C192909CEDD00FBE620 /* PBXContainerItemProxy */;
		};
		97274C242909CEDD00FBE620 /* PBXTargetDependency */ = {
			isa = PBXTargetDependency;
			target = 97274BFE2909CEDB00FBE620 /* choreManagement */;
			targetProxy = 97274C232909CEDD00FBE620 /* PBXContainerItemProxy */;
		};
/* End PBXTargetDependency section */

/* Begin PBXVariantGroup section */
		97274C082909CEDB00FBE620 /* Main.storyboard */ = {
			isa = PBXVariantGroup;
			children = (
				97274C092909CEDB00FBE620 /* Base */,
			);
			name = Main.storyboard;
			sourceTree = "<group>";
		};
		97274C102909CEDD00FBE620 /* LaunchScreen.storyboard */ = {
			isa = PBXVariantGroup;
			children = (
				97274C112909CEDD00FBE620 /* Base */,
			);
			name = LaunchScreen.storyboard;
			sourceTree = "<group>";
		};
/* End PBXVariantGroup section */

/* Begin XCBuildConfiguration section */
		97274C2A2909CEDD00FBE620 /* Debug */ = {
			isa = XCBuildConfiguration;
			buildSettings = {
				ALWAYS_SEARCH_USER_PATHS = NO;
				CLANG_ANALYZER_NONNULL = YES;
				CLANG_ANALYZER_NUMBER_OBJECT_CONVERSION = YES_AGGRESSIVE;
				CLANG_CXX_LANGUAGE_STANDARD = "gnu++20";
				CLANG_ENABLE_MODULES = YES;
				CLANG_ENABLE_OBJC_ARC = YES;
				CLANG_ENABLE_OBJC_WEAK = YES;
				CLANG_WARN_BLOCK_CAPTURE_AUTORELEASING = YES;
				CLANG_WARN_BOOL_CONVERSION = YES;
				CLANG_WARN_COMMA = YES;
				CLANG_WARN_CONSTANT_CONVERSION = YES;
				CLANG_WARN_DEPRECATED_OBJC_IMPLEMENTATIONS = YES;
				CLANG_WARN_DIRECT_OBJC_ISA_USAGE = YES_ERROR;
				CLANG_WARN_DOCUMENTATION_COMMENTS = YES;
				CLANG_WARN_EMPTY_BODY = YES;
				CLANG_WARN_ENUM_CONVERSION = YES;
				CLANG_WARN_INFINITE_RECURSION = YES;
				CLANG_WARN_INT_CONVERSION = YES;
				CLANG_WARN_NON_LITERAL_NULL_CONVERSION = YES;
				CLANG_WARN_OBJC_IMPLICIT_RETAIN_SELF = YES;
				CLANG_WARN_OBJC_LITERAL_CONVERSION = YES;
				CLANG_WARN_OBJC_ROOT_CLASS = YES_ERROR;
				CLANG_WARN_QUOTED_INCLUDE_IN_FRAMEWORK_HEADER = YES;
				CLANG_WARN_RANGE_LOOP_ANALYSIS = YES;
				CLANG_WARN_STRICT_PROTOTYPES = YES;
				CLANG_WARN_SUSPICIOUS_MOVE = YES;
				CLANG_WARN_UNGUARDED_AVAILABILITY = YES_AGGRESSIVE;
				CLANG_WARN_UNREACHABLE_CODE = YES;
				CLANG_WARN__DUPLICATE_METHOD_MATCH = YES;
				COPY_PHASE_STRIP = NO;
				DEBUG_INFORMATION_FORMAT = dwarf;
				ENABLE_STRICT_OBJC_MSGSEND = YES;
				ENABLE_TESTABILITY = YES;
				GCC_C_LANGUAGE_STANDARD = gnu11;
				GCC_DYNAMIC_NO_PIC = NO;
				GCC_NO_COMMON_BLOCKS = YES;
				GCC_OPTIMIZATION_LEVEL = 0;
				GCC_PREPROCESSOR_DEFINITIONS = (
					"DEBUG=1",
					"$(inherited)",
				);
				GCC_WARN_64_TO_32_BIT_CONVERSION = YES;
				GCC_WARN_ABOUT_RETURN_TYPE = YES_ERROR;
				GCC_WARN_UNDECLARED_SELECTOR = YES;
				GCC_WARN_UNINITIALIZED_AUTOS = YES_AGGRESSIVE;
				GCC_WARN_UNUSED_FUNCTION = YES;
				GCC_WARN_UNUSED_VARIABLE = YES;
				IPHONEOS_DEPLOYMENT_TARGET = 16.0;
				MTL_ENABLE_DEBUG_INFO = INCLUDE_SOURCE;
				MTL_FAST_MATH = YES;
				ONLY_ACTIVE_ARCH = YES;
				SDKROOT = iphoneos;
				SWIFT_ACTIVE_COMPILATION_CONDITIONS = DEBUG;
				SWIFT_OPTIMIZATION_LEVEL = "-Onone";
			};
			name = Debug;
		};
		97274C2B2909CEDD00FBE620 /* Release */ = {
			isa = XCBuildConfiguration;
			buildSettings = {
				ALWAYS_SEARCH_USER_PATHS = NO;
				CLANG_ANALYZER_NONNULL = YES;
				CLANG_ANALYZER_NUMBER_OBJECT_CONVERSION = YES_AGGRESSIVE;
				CLANG_CXX_LANGUAGE_STANDARD = "gnu++20";
				CLANG_ENABLE_MODULES = YES;
				CLANG_ENABLE_OBJC_ARC = YES;
				CLANG_ENABLE_OBJC_WEAK = YES;
				CLANG_WARN_BLOCK_CAPTURE_AUTORELEASING = YES;
				CLANG_WARN_BOOL_CONVERSION = YES;
				CLANG_WARN_COMMA = YES;
				CLANG_WARN_CONSTANT_CONVERSION = YES;
				CLANG_WARN_DEPRECATED_OBJC_IMPLEMENTATIONS = YES;
				CLANG_WARN_DIRECT_OBJC_ISA_USAGE = YES_ERROR;
				CLANG_WARN_DOCUMENTATION_COMMENTS = YES;
				CLANG_WARN_EMPTY_BODY = YES;
				CLANG_WARN_ENUM_CONVERSION = YES;
				CLANG_WARN_INFINITE_RECURSION = YES;
				CLANG_WARN_INT_CONVERSION = YES;
				CLANG_WARN_NON_LITERAL_NULL_CONVERSION = YES;
				CLANG_WARN_OBJC_IMPLICIT_RETAIN_SELF = YES;
				CLANG_WARN_OBJC_LITERAL_CONVERSION = YES;
				CLANG_WARN_OBJC_ROOT_CLASS = YES_ERROR;
				CLANG_WARN_QUOTED_INCLUDE_IN_FRAMEWORK_HEADER = YES;
				CLANG_WARN_RANGE_LOOP_ANALYSIS = YES;
				CLANG_WARN_STRICT_PROTOTYPES = YES;
				CLANG_WARN_SUSPICIOUS_MOVE = YES;
				CLANG_WARN_UNGUARDED_AVAILABILITY = YES_AGGRESSIVE;
				CLANG_WARN_UNREACHABLE_CODE = YES;
				CLANG_WARN__DUPLICATE_METHOD_MATCH = YES;
				COPY_PHASE_STRIP = NO;
				DEBUG_INFORMATION_FORMAT = "dwarf-with-dsym";
				ENABLE_NS_ASSERTIONS = NO;
				ENABLE_STRICT_OBJC_MSGSEND = YES;
				GCC_C_LANGUAGE_STANDARD = gnu11;
				GCC_NO_COMMON_BLOCKS = YES;
				GCC_WARN_64_TO_32_BIT_CONVERSION = YES;
				GCC_WARN_ABOUT_RETURN_TYPE = YES_ERROR;
				GCC_WARN_UNDECLARED_SELECTOR = YES;
				GCC_WARN_UNINITIALIZED_AUTOS = YES_AGGRESSIVE;
				GCC_WARN_UNUSED_FUNCTION = YES;
				GCC_WARN_UNUSED_VARIABLE = YES;
				IPHONEOS_DEPLOYMENT_TARGET = 16.0;
				MTL_ENABLE_DEBUG_INFO = NO;
				MTL_FAST_MATH = YES;
				SDKROOT = iphoneos;
				SWIFT_COMPILATION_MODE = wholemodule;
				SWIFT_OPTIMIZATION_LEVEL = "-O";
				VALIDATE_PRODUCT = YES;
			};
			name = Release;
		};
		97274C2D2909CEDD00FBE620 /* Debug */ = {
			isa = XCBuildConfiguration;
			buildSettings = {
				ASSETCATALOG_COMPILER_APPICON_NAME = AppIcon;
				ASSETCATALOG_COMPILER_GLOBAL_ACCENT_COLOR_NAME = AccentColor;
				CODE_SIGN_STYLE = Automatic;
				CURRENT_PROJECT_VERSION = 1;
				DEVELOPMENT_TEAM = 8MK2GBWG92;
				GENERATE_INFOPLIST_FILE = YES;
				INFOPLIST_FILE = choreManagement/Info.plist;
				INFOPLIST_KEY_UIApplicationSupportsIndirectInputEvents = YES;
				INFOPLIST_KEY_UILaunchStoryboardName = LaunchScreen;
				INFOPLIST_KEY_UIMainStoryboardFile = Main;
				INFOPLIST_KEY_UISupportedInterfaceOrientations_iPad = "UIInterfaceOrientationPortrait UIInterfaceOrientationPortraitUpsideDown UIInterfaceOrientationLandscapeLeft UIInterfaceOrientationLandscapeRight";
				INFOPLIST_KEY_UISupportedInterfaceOrientations_iPhone = "UIInterfaceOrientationPortrait UIInterfaceOrientationLandscapeLeft UIInterfaceOrientationLandscapeRight";
				LD_RUNPATH_SEARCH_PATHS = (
					"$(inherited)",
					"@executable_path/Frameworks",
				);
				MARKETING_VERSION = 1.0;
				PRODUCT_BUNDLE_IDENTIFIER = cs329e.choreManagement;
				PRODUCT_NAME = "$(TARGET_NAME)";
				SWIFT_EMIT_LOC_STRINGS = YES;
				SWIFT_VERSION = 5.0;
				TARGETED_DEVICE_FAMILY = "1,2";
			};
			name = Debug;
		};
		97274C2E2909CEDD00FBE620 /* Release */ = {
			isa = XCBuildConfiguration;
			buildSettings = {
				ASSETCATALOG_COMPILER_APPICON_NAME = AppIcon;
				ASSETCATALOG_COMPILER_GLOBAL_ACCENT_COLOR_NAME = AccentColor;
				CODE_SIGN_STYLE = Automatic;
				CURRENT_PROJECT_VERSION = 1;
				DEVELOPMENT_TEAM = 8MK2GBWG92;
				GENERATE_INFOPLIST_FILE = YES;
				INFOPLIST_FILE = choreManagement/Info.plist;
				INFOPLIST_KEY_UIApplicationSupportsIndirectInputEvents = YES;
				INFOPLIST_KEY_UILaunchStoryboardName = LaunchScreen;
				INFOPLIST_KEY_UIMainStoryboardFile = Main;
				INFOPLIST_KEY_UISupportedInterfaceOrientations_iPad = "UIInterfaceOrientationPortrait UIInterfaceOrientationPortraitUpsideDown UIInterfaceOrientationLandscapeLeft UIInterfaceOrientationLandscapeRight";
				INFOPLIST_KEY_UISupportedInterfaceOrientations_iPhone = "UIInterfaceOrientationPortrait UIInterfaceOrientationLandscapeLeft UIInterfaceOrientationLandscapeRight";
				LD_RUNPATH_SEARCH_PATHS = (
					"$(inherited)",
					"@executable_path/Frameworks",
				);
				MARKETING_VERSION = 1.0;
				PRODUCT_BUNDLE_IDENTIFIER = cs329e.choreManagement;
				PRODUCT_NAME = "$(TARGET_NAME)";
				SWIFT_EMIT_LOC_STRINGS = YES;
				SWIFT_VERSION = 5.0;
				TARGETED_DEVICE_FAMILY = "1,2";
			};
			name = Release;
		};
		97274C302909CEDD00FBE620 /* Debug */ = {
			isa = XCBuildConfiguration;
			buildSettings = {
				ALWAYS_EMBED_SWIFT_STANDARD_LIBRARIES = YES;
				BUNDLE_LOADER = "$(TEST_HOST)";
				CODE_SIGN_STYLE = Automatic;
				CURRENT_PROJECT_VERSION = 1;
				DEVELOPMENT_TEAM = 8MK2GBWG92;
				GENERATE_INFOPLIST_FILE = YES;
				IPHONEOS_DEPLOYMENT_TARGET = 16.0;
				MARKETING_VERSION = 1.0;
				PRODUCT_BUNDLE_IDENTIFIER = cs329e.choreManagementTests;
				PRODUCT_NAME = "$(TARGET_NAME)";
				SWIFT_EMIT_LOC_STRINGS = NO;
				SWIFT_VERSION = 5.0;
				TARGETED_DEVICE_FAMILY = "1,2";
				TEST_HOST = "$(BUILT_PRODUCTS_DIR)/choreManagement.app/$(BUNDLE_EXECUTABLE_FOLDER_PATH)/choreManagement";
			};
			name = Debug;
		};
		97274C312909CEDD00FBE620 /* Release */ = {
			isa = XCBuildConfiguration;
			buildSettings = {
				ALWAYS_EMBED_SWIFT_STANDARD_LIBRARIES = YES;
				BUNDLE_LOADER = "$(TEST_HOST)";
				CODE_SIGN_STYLE = Automatic;
				CURRENT_PROJECT_VERSION = 1;
				DEVELOPMENT_TEAM = 8MK2GBWG92;
				GENERATE_INFOPLIST_FILE = YES;
				IPHONEOS_DEPLOYMENT_TARGET = 16.0;
				MARKETING_VERSION = 1.0;
				PRODUCT_BUNDLE_IDENTIFIER = cs329e.choreManagementTests;
				PRODUCT_NAME = "$(TARGET_NAME)";
				SWIFT_EMIT_LOC_STRINGS = NO;
				SWIFT_VERSION = 5.0;
				TARGETED_DEVICE_FAMILY = "1,2";
				TEST_HOST = "$(BUILT_PRODUCTS_DIR)/choreManagement.app/$(BUNDLE_EXECUTABLE_FOLDER_PATH)/choreManagement";
			};
			name = Release;
		};
		97274C332909CEDD00FBE620 /* Debug */ = {
			isa = XCBuildConfiguration;
			buildSettings = {
				ALWAYS_EMBED_SWIFT_STANDARD_LIBRARIES = YES;
				CODE_SIGN_STYLE = Automatic;
				CURRENT_PROJECT_VERSION = 1;
				DEVELOPMENT_TEAM = 8MK2GBWG92;
				GENERATE_INFOPLIST_FILE = YES;
				MARKETING_VERSION = 1.0;
				PRODUCT_BUNDLE_IDENTIFIER = cs329e.choreManagementUITests;
				PRODUCT_NAME = "$(TARGET_NAME)";
				SWIFT_EMIT_LOC_STRINGS = NO;
				SWIFT_VERSION = 5.0;
				TARGETED_DEVICE_FAMILY = "1,2";
				TEST_TARGET_NAME = choreManagement;
			};
			name = Debug;
		};
		97274C342909CEDD00FBE620 /* Release */ = {
			isa = XCBuildConfiguration;
			buildSettings = {
				ALWAYS_EMBED_SWIFT_STANDARD_LIBRARIES = YES;
				CODE_SIGN_STYLE = Automatic;
				CURRENT_PROJECT_VERSION = 1;
				DEVELOPMENT_TEAM = 8MK2GBWG92;
				GENERATE_INFOPLIST_FILE = YES;
				MARKETING_VERSION = 1.0;
				PRODUCT_BUNDLE_IDENTIFIER = cs329e.choreManagementUITests;
				PRODUCT_NAME = "$(TARGET_NAME)";
				SWIFT_EMIT_LOC_STRINGS = NO;
				SWIFT_VERSION = 5.0;
				TARGETED_DEVICE_FAMILY = "1,2";
				TEST_TARGET_NAME = choreManagement;
			};
			name = Release;
		};
/* End XCBuildConfiguration section */

/* Begin XCConfigurationList section */
		97274BFA2909CEDB00FBE620 /* Build configuration list for PBXProject "choreManagement" */ = {
			isa = XCConfigurationList;
			buildConfigurations = (
				97274C2A2909CEDD00FBE620 /* Debug */,
				97274C2B2909CEDD00FBE620 /* Release */,
			);
			defaultConfigurationIsVisible = 0;
			defaultConfigurationName = Release;
		};
		97274C2C2909CEDD00FBE620 /* Build configuration list for PBXNativeTarget "choreManagement" */ = {
			isa = XCConfigurationList;
			buildConfigurations = (
				97274C2D2909CEDD00FBE620 /* Debug */,
				97274C2E2909CEDD00FBE620 /* Release */,
			);
			defaultConfigurationIsVisible = 0;
			defaultConfigurationName = Release;
		};
		97274C2F2909CEDD00FBE620 /* Build configuration list for PBXNativeTarget "choreManagementTests" */ = {
			isa = XCConfigurationList;
			buildConfigurations = (
				97274C302909CEDD00FBE620 /* Debug */,
				97274C312909CEDD00FBE620 /* Release */,
			);
			defaultConfigurationIsVisible = 0;
			defaultConfigurationName = Release;
		};
		97274C322909CEDD00FBE620 /* Build configuration list for PBXNativeTarget "choreManagementUITests" */ = {
			isa = XCConfigurationList;
			buildConfigurations = (
				97274C332909CEDD00FBE620 /* Debug */,
				97274C342909CEDD00FBE620 /* Release */,
			);
			defaultConfigurationIsVisible = 0;
			defaultConfigurationName = Release;
		};
/* End XCConfigurationList section */

/* Begin XCRemoteSwiftPackageReference section */
		7DF73ACA290C8809000479C1 /* XCRemoteSwiftPackageReference "firebase-ios-sdk" */ = {
			isa = XCRemoteSwiftPackageReference;
			repositoryURL = "https://github.com/firebase/firebase-ios-sdk";
			requirement = {
				branch = master;
				kind = branch;
			};
		};
/* End XCRemoteSwiftPackageReference section */

/* Begin XCSwiftPackageProductDependency section */
		7DF73ACB290C8809000479C1 /* FirebaseAuth */ = {
			isa = XCSwiftPackageProductDependency;
			package = 7DF73ACA290C8809000479C1 /* XCRemoteSwiftPackageReference "firebase-ios-sdk" */;
			productName = FirebaseAuth;
		};
/* End XCSwiftPackageProductDependency section */

/* Begin XCVersionGroup section */
		97274C0B2909CEDB00FBE620 /* choreManagement.xcdatamodeld */ = {
			isa = XCVersionGroup;
			children = (
				97274C0C2909CEDB00FBE620 /* choreManagement.xcdatamodel */,
			);
			currentVersion = 97274C0C2909CEDB00FBE620 /* choreManagement.xcdatamodel */;
			path = choreManagement.xcdatamodeld;
			sourceTree = "<group>";
			versionGroupType = wrapper.xcdatamodel;
		};
/* End XCVersionGroup section */
	};
	rootObject = 97274BF72909CEDB00FBE620 /* Project object */;
}
